
Microsoft Visual Studio Solution File, Format Version 12.00
# Visual Studio Version 16
VisualStudioVersion = 16.0.31410.357
MinimumVisualStudioVersion = 10.0.40219.1
Project("{FAE04EC0-301F-11D3-BF4B-00C04F79EFBC}") = "HangfireHotelExampleAPI", "HangfireHotelExampleAPI.csproj", "{7DD57318-8CDB-4071-8750-028BE8E2D802}"
EndProject
Global
	GlobalSection(SolutionConfigurationPlatforms) = preSolution
		Debug|Any CPU = Debug|Any CPU
		Release|Any CPU = Release|Any CPU
	EndGlobalSection
	GlobalSection(ProjectConfigurationPlatforms) = postSolution
		{7DD57318-8CDB-4071-8750-028BE8E2D802}.Debug|Any CPU.ActiveCfg = Debug|Any CPU
		{7DD57318-8CDB-4071-8750-028BE8E2D802}.Debug|Any CPU.Build.0 = Debug|Any CPU
		{7DD57318-8CDB-4071-8750-028BE8E2D802}.Release|Any CPU.ActiveCfg = Release|Any CPU
		{7DD57318-8CDB-4071-8750-028BE8E2D802}.Release|Any CPU.Build.0 = Release|Any CPU
	EndGlobalSection
	GlobalSection(SolutionProperties) = preSolution
		HideSolutionNode = FALSE
	EndGlobalSection
	GlobalSection(ExtensibilityGlobals) = postSolution
		SolutionGuid = {139C4A7C-8F05-4A73-B5A0-CC453FB69BA8}
	EndGlobalSection
EndGlobal
